
Microsoft Visual Studio Solution File, Format Version 12.00
# Visual Studio Version 17
VisualStudioVersion = 17.7.34031.279
MinimumVisualStudioVersion = 10.0.40219.1
Project("{FAE04EC0-301F-11D3-BF4B-00C04F79EFBC}") = "getCard", "getCard.csproj", "{4A2622ED-C4AD-410C-9644-0537EFFB2437}"
EndProject
Global
	GlobalSection(SolutionConfigurationPlatforms) = preSolution
		Debug|Any CPU = Debug|Any CPU
		Release|Any CPU = Release|Any CPU
	EndGlobalSection
	GlobalSection(ProjectConfigurationPlatforms) = postSolution
		{4A2622ED-C4AD-410C-9644-0537EFFB2437}.Debug|Any CPU.ActiveCfg = Debug|Any CPU
		{4A2622ED-C4AD-410C-9644-0537EFFB2437}.Debug|Any CPU.Build.0 = Debug|Any CPU
		{4A2622ED-C4AD-410C-9644-0537EFFB2437}.Release|Any CPU.ActiveCfg = Release|Any CPU
		{4A2622ED-C4AD-410C-9644-0537EFFB2437}.Release|Any CPU.Build.0 = Release|Any CPU
	EndGlobalSection
	GlobalSection(SolutionProperties) = preSolution
		HideSolutionNode = FALSE
	EndGlobalSection
	GlobalSection(ExtensibilityGlobals) = postSolution
		SolutionGuid = {B7B661F2-A058-4A3E-A2F2-A6AFE2B6362B}
	EndGlobalSection
EndGlobal
